
Microsoft Visual Studio Solution File, Format Version 12.00
# Visual Studio Version 17
VisualStudioVersion = 17.2.32616.157
MinimumVisualStudioVersion = 10.0.40219.1
Project("{9A19103F-16F7-4668-BE54-9A1E7A4F7556}") = "TicTacToe.ConsoleApp", "TicTacToe.ConsoleApp\TicTacToe.ConsoleApp.csproj", "{ED668004-6D8F-48AB-8054-89F25FCA82CD}"
EndProject
Project("{9A19103F-16F7-4668-BE54-9A1E7A4F7556}") = "TicTacToe.Domain", "TicTacToe.Domain\TicTacToe.Domain.csproj", "{88444867-F744-4237-9A12-ABCDD7BD9070}"
EndProject
Project("{FAE04EC0-301F-11D3-BF4B-00C04F79EFBC}") = "TicTacToe.Domain.Tests", "TicTacToe.Domain.Tests\TicTacToe.Domain.Tests.csproj", "{3D680D35-2E24-4D59-8DE9-0683B0B3B80A}"
EndProject
Global
	GlobalSection(SolutionConfigurationPlatforms) = preSolution
		Debug|Any CPU = Debug|Any CPU
		Release|Any CPU = Release|Any CPU
	EndGlobalSection
	GlobalSection(ProjectConfigurationPlatforms) = postSolution
		{ED668004-6D8F-48AB-8054-89F25FCA82CD}.Debug|Any CPU.ActiveCfg = Debug|Any CPU
		{ED668004-6D8F-48AB-8054-89F25FCA82CD}.Debug|Any CPU.Build.0 = Debug|Any CPU
		{ED668004-6D8F-48AB-8054-89F25FCA82CD}.Release|Any CPU.ActiveCfg = Release|Any CPU
		{ED668004-6D8F-48AB-8054-89F25FCA82CD}.Release|Any CPU.Build.0 = Release|Any CPU
		{88444867-F744-4237-9A12-ABCDD7BD9070}.Debug|Any CPU.ActiveCfg = Debug|Any CPU
		{88444867-F744-4237-9A12-ABCDD7BD9070}.Debug|Any CPU.Build.0 = Debug|Any CPU
		{88444867-F744-4237-9A12-ABCDD7BD9070}.Release|Any CPU.ActiveCfg = Release|Any CPU
		{88444867-F744-4237-9A12-ABCDD7BD9070}.Release|Any CPU.Build.0 = Release|Any CPU
		{3D680D35-2E24-4D59-8DE9-0683B0B3B80A}.Debug|Any CPU.ActiveCfg = Debug|Any CPU
		{3D680D35-2E24-4D59-8DE9-0683B0B3B80A}.Debug|Any CPU.Build.0 = Debug|Any CPU
		{3D680D35-2E24-4D59-8DE9-0683B0B3B80A}.Release|Any CPU.ActiveCfg = Release|Any CPU
		{3D680D35-2E24-4D59-8DE9-0683B0B3B80A}.Release|Any CPU.Build.0 = Release|Any CPU
	EndGlobalSection
	GlobalSection(SolutionProperties) = preSolution
		HideSolutionNode = FALSE
	EndGlobalSection
	GlobalSection(ExtensibilityGlobals) = postSolution
		SolutionGuid = {DC479014-694F-4269-B2DA-40C27E8CE611}
	EndGlobalSection
EndGlobal
